// !$*UTF8*$!
{
	archiveVersion = 1;
	classes = {
	};
	objectVersion = 56;
	objects = {

/* Begin PBXBuildFile section */
		1D3998DE29EC452E007BC059 /* LoginController.swift in Sources */ = {isa = PBXBuildFile; fileRef = 1D3998DD29EC452E007BC059 /* LoginController.swift */; };
		1D3998E029EC454C007BC059 /* RegistrationController.swift in Sources */ = {isa = PBXBuildFile; fileRef = 1D3998DF29EC454C007BC059 /* RegistrationController.swift */; };
		1D3998E229ECE53E007BC059 /* CustomTextField.swift in Sources */ = {isa = PBXBuildFile; fileRef = 1D3998E129ECE53E007BC059 /* CustomTextField.swift */; };
		1D3998E429ED9013007BC059 /* AuthenticationViewModel.swift in Sources */ = {isa = PBXBuildFile; fileRef = 1D3998E329ED9013007BC059 /* AuthenticationViewModel.swift */; };
		1D3998E829EF62C1007BC059 /* ImageUploader.swift in Sources */ = {isa = PBXBuildFile; fileRef = 1D3998E729EF62C1007BC059 /* ImageUploader.swift */; };
		1D3998EA29EF62D4007BC059 /* AuthService.swift in Sources */ = {isa = PBXBuildFile; fileRef = 1D3998E929EF62D4007BC059 /* AuthService.swift */; };
		1D3B11882AA84D900058A5DB /* GoogleService-Info.plist in Resources */ = {isa = PBXBuildFile; fileRef = 1D3B11872AA84D900058A5DB /* GoogleService-Info.plist */; };
		1D3B118A2AA982EE0058A5DB /* ProfileCell.swift in Sources */ = {isa = PBXBuildFile; fileRef = 1D3B11892AA982EE0058A5DB /* ProfileCell.swift */; };
		1D3B118C2AA983030058A5DB /* ProfileHeader.swift in Sources */ = {isa = PBXBuildFile; fileRef = 1D3B118B2AA983030058A5DB /* ProfileHeader.swift */; };
		1D3B118F2AA9F48B0058A5DB /* UserService.swift in Sources */ = {isa = PBXBuildFile; fileRef = 1D3B118E2AA9F48B0058A5DB /* UserService.swift */; };
		1D3B11912AA9F4C70058A5DB /* Constants.swift in Sources */ = {isa = PBXBuildFile; fileRef = 1D3B11902AA9F4C70058A5DB /* Constants.swift */; };
		1D3B11932AA9F9490058A5DB /* User.swift in Sources */ = {isa = PBXBuildFile; fileRef = 1D3B11922AA9F9490058A5DB /* User.swift */; };
		1D3B11952AAAA0CD0058A5DB /* ProfileHeaderViewModel.swift in Sources */ = {isa = PBXBuildFile; fileRef = 1D3B11942AAAA0CD0058A5DB /* ProfileHeaderViewModel.swift */; };
		1D3B11972AAEC1620058A5DB /* UserCell.swift in Sources */ = {isa = PBXBuildFile; fileRef = 1D3B11962AAEC1620058A5DB /* UserCell.swift */; };
		1D3B11992AB15F440058A5DB /* UserCellViewModel.swift in Sources */ = {isa = PBXBuildFile; fileRef = 1D3B11982AB15F430058A5DB /* UserCellViewModel.swift */; };
		1D3B119B2AB2BEBE0058A5DB /* UploadPostController.swift in Sources */ = {isa = PBXBuildFile; fileRef = 1D3B119A2AB2BEBE0058A5DB /* UploadPostController.swift */; };
		1D3B119D2AB2C2030058A5DB /* InputTextView.swift in Sources */ = {isa = PBXBuildFile; fileRef = 1D3B119C2AB2C2030058A5DB /* InputTextView.swift */; };
		1D3B119F2AB2F1860058A5DB /* PostService.swift in Sources */ = {isa = PBXBuildFile; fileRef = 1D3B119E2AB2F1860058A5DB /* PostService.swift */; };
		1D3B11A12AB349FD0058A5DB /* Post.swift in Sources */ = {isa = PBXBuildFile; fileRef = 1D3B11A02AB349FD0058A5DB /* Post.swift */; };
		1D3B11A32AB34E7A0058A5DB /* PostViewModel.swift in Sources */ = {isa = PBXBuildFile; fileRef = 1D3B11A22AB34E7A0058A5DB /* PostViewModel.swift */; };
		1D3B11A52AB8293B0058A5DB /* CommentController.swift in Sources */ = {isa = PBXBuildFile; fileRef = 1D3B11A42AB8293B0058A5DB /* CommentController.swift */; };
		1D3B11A72AB82C7E0058A5DB /* CommentCell.swift in Sources */ = {isa = PBXBuildFile; fileRef = 1D3B11A62AB82C7E0058A5DB /* CommentCell.swift */; };
		1D3B11A92AB84FED0058A5DB /* CommentInputAccesoryView.swift in Sources */ = {isa = PBXBuildFile; fileRef = 1D3B11A82AB84FED0058A5DB /* CommentInputAccesoryView.swift */; };
		1D3B11AB2AB9D9E50058A5DB /* CommentService.swift in Sources */ = {isa = PBXBuildFile; fileRef = 1D3B11AA2AB9D9E50058A5DB /* CommentService.swift */; };
		1D3B11AD2AB9DE230058A5DB /* Comment.swift in Sources */ = {isa = PBXBuildFile; fileRef = 1D3B11AC2AB9DE230058A5DB /* Comment.swift */; };
		1D3B11AF2AB9E2820058A5DB /* CommentViewModel.swift in Sources */ = {isa = PBXBuildFile; fileRef = 1D3B11AE2AB9E2820058A5DB /* CommentViewModel.swift */; };
		1D3B11B12ABC66AE0058A5DB /* NotificationCell.swift in Sources */ = {isa = PBXBuildFile; fileRef = 1D3B11B02ABC66AE0058A5DB /* NotificationCell.swift */; };
		1D3B11B32ABC731B0058A5DB /* Notification.swift in Sources */ = {isa = PBXBuildFile; fileRef = 1D3B11B22ABC731B0058A5DB /* Notification.swift */; };
		1D3B11B52ABC75660058A5DB /* NotificationService.swift in Sources */ = {isa = PBXBuildFile; fileRef = 1D3B11B42ABC75660058A5DB /* NotificationService.swift */; };
		1D3B11B72ABD3B2B0058A5DB /* NotificationViewModel.swift in Sources */ = {isa = PBXBuildFile; fileRef = 1D3B11B62ABD3B2B0058A5DB /* NotificationViewModel.swift */; };
		1DBA3E4729E825D6003F012A /* AppDelegate.swift in Sources */ = {isa = PBXBuildFile; fileRef = 1DBA3E4629E825D6003F012A /* AppDelegate.swift */; };
		1DBA3E4929E825D6003F012A /* SceneDelegate.swift in Sources */ = {isa = PBXBuildFile; fileRef = 1DBA3E4829E825D6003F012A /* SceneDelegate.swift */; };
		1DBA3E4B29E825D6003F012A /* ViewController.swift in Sources */ = {isa = PBXBuildFile; fileRef = 1DBA3E4A29E825D6003F012A /* ViewController.swift */; };
		1DBA3E4E29E825D6003F012A /* Main.storyboard in Resources */ = {isa = PBXBuildFile; fileRef = 1DBA3E4C29E825D6003F012A /* Main.storyboard */; };
		1DBA3E5129E825D6003F012A /* InstagramClone.xcdatamodeld in Sources */ = {isa = PBXBuildFile; fileRef = 1DBA3E4F29E825D6003F012A /* InstagramClone.xcdatamodeld */; };
		1DBA3E5329E825DB003F012A /* Assets.xcassets in Resources */ = {isa = PBXBuildFile; fileRef = 1DBA3E5229E825DB003F012A /* Assets.xcassets */; };
		1DBA3E5629E825DB003F012A /* LaunchScreen.storyboard in Resources */ = {isa = PBXBuildFile; fileRef = 1DBA3E5429E825DB003F012A /* LaunchScreen.storyboard */; };
		1DBA3E6529E83141003F012A /* MainTabController.swift in Sources */ = {isa = PBXBuildFile; fileRef = 1DBA3E6429E83141003F012A /* MainTabController.swift */; };
		1DBA3E6729E832CE003F012A /* FeedController.swift in Sources */ = {isa = PBXBuildFile; fileRef = 1DBA3E6629E832CE003F012A /* FeedController.swift */; };
		1DBA3E6929E832E2003F012A /* SearchController.swift in Sources */ = {isa = PBXBuildFile; fileRef = 1DBA3E6829E832E2003F012A /* SearchController.swift */; };
		1DBA3E6B29E832FC003F012A /* ImageSelectorController.swift in Sources */ = {isa = PBXBuildFile; fileRef = 1DBA3E6A29E832FC003F012A /* ImageSelectorController.swift */; };
		1DBA3E6D29E83311003F012A /* NotificationsController.swift in Sources */ = {isa = PBXBuildFile; fileRef = 1DBA3E6C29E83311003F012A /* NotificationsController.swift */; };
		1DBA3E6F29E83325003F012A /* ProfileController.swift in Sources */ = {isa = PBXBuildFile; fileRef = 1DBA3E6E29E83325003F012A /* ProfileController.swift */; };
		1DBA3E7129E8EC39003F012A /* FeedCell.swift in Sources */ = {isa = PBXBuildFile; fileRef = 1DBA3E7029E8EC39003F012A /* FeedCell.swift */; };
		1DBA3E7329E8EE11003F012A /* Extensions.swift in Sources */ = {isa = PBXBuildFile; fileRef = 1DBA3E7229E8EE11003F012A /* Extensions.swift */; };
		666E291D100CFF7908F1D773 /* Pods_InstagramClone.framework in Frameworks */ = {isa = PBXBuildFile; fileRef = EF56A8993440D08548278B02 /* Pods_InstagramClone.framework */; };
/* End PBXBuildFile section */

/* Begin PBXFileReference section */
		1D3998DD29EC452E007BC059 /* LoginController.swift */ = {isa = PBXFileReference; lastKnownFileType = sourcecode.swift; path = LoginController.swift; sourceTree = "<group>"; };
		1D3998DF29EC454C007BC059 /* RegistrationController.swift */ = {isa = PBXFileReference; lastKnownFileType = sourcecode.swift; path = RegistrationController.swift; sourceTree = "<group>"; };
		1D3998E129ECE53E007BC059 /* CustomTextField.swift */ = {isa = PBXFileReference; lastKnownFileType = sourcecode.swift; path = CustomTextField.swift; sourceTree = "<group>"; };
		1D3998E329ED9013007BC059 /* AuthenticationViewModel.swift */ = {isa = PBXFileReference; lastKnownFileType = sourcecode.swift; path = AuthenticationViewModel.swift; sourceTree = "<group>"; };
		1D3998E729EF62C1007BC059 /* ImageUploader.swift */ = {isa = PBXFileReference; lastKnownFileType = sourcecode.swift; path = ImageUploader.swift; sourceTree = "<group>"; };
		1D3998E929EF62D4007BC059 /* AuthService.swift */ = {isa = PBXFileReference; lastKnownFileType = sourcecode.swift; path = AuthService.swift; sourceTree = "<group>"; };
		1D3B11872AA84D900058A5DB /* GoogleService-Info.plist */ = {isa = PBXFileReference; lastKnownFileType = text.plist; path = "GoogleService-Info.plist"; sourceTree = SOURCE_ROOT; };
		1D3B11892AA982EE0058A5DB /* ProfileCell.swift */ = {isa = PBXFileReference; lastKnownFileType = sourcecode.swift; path = ProfileCell.swift; sourceTree = "<group>"; };
		1D3B118B2AA983030058A5DB /* ProfileHeader.swift */ = {isa = PBXFileReference; lastKnownFileType = sourcecode.swift; path = ProfileHeader.swift; sourceTree = "<group>"; };
		1D3B118E2AA9F48B0058A5DB /* UserService.swift */ = {isa = PBXFileReference; lastKnownFileType = sourcecode.swift; path = UserService.swift; sourceTree = "<group>"; };
		1D3B11902AA9F4C70058A5DB /* Constants.swift */ = {isa = PBXFileReference; lastKnownFileType = sourcecode.swift; path = Constants.swift; sourceTree = "<group>"; };
		1D3B11922AA9F9490058A5DB /* User.swift */ = {isa = PBXFileReference; lastKnownFileType = sourcecode.swift; path = User.swift; sourceTree = "<group>"; };
		1D3B11942AAAA0CD0058A5DB /* ProfileHeaderViewModel.swift */ = {isa = PBXFileReference; lastKnownFileType = sourcecode.swift; path = ProfileHeaderViewModel.swift; sourceTree = "<group>"; };
		1D3B11962AAEC1620058A5DB /* UserCell.swift */ = {isa = PBXFileReference; lastKnownFileType = sourcecode.swift; path = UserCell.swift; sourceTree = "<group>"; };
		1D3B11982AB15F430058A5DB /* UserCellViewModel.swift */ = {isa = PBXFileReference; lastKnownFileType = sourcecode.swift; path = UserCellViewModel.swift; sourceTree = "<group>"; };
		1D3B119A2AB2BEBE0058A5DB /* UploadPostController.swift */ = {isa = PBXFileReference; lastKnownFileType = sourcecode.swift; path = UploadPostController.swift; sourceTree = "<group>"; };
		1D3B119C2AB2C2030058A5DB /* InputTextView.swift */ = {isa = PBXFileReference; lastKnownFileType = sourcecode.swift; path = InputTextView.swift; sourceTree = "<group>"; };
		1D3B119E2AB2F1860058A5DB /* PostService.swift */ = {isa = PBXFileReference; lastKnownFileType = sourcecode.swift; path = PostService.swift; sourceTree = "<group>"; };
		1D3B11A02AB349FD0058A5DB /* Post.swift */ = {isa = PBXFileReference; lastKnownFileType = sourcecode.swift; path = Post.swift; sourceTree = "<group>"; };
		1D3B11A22AB34E7A0058A5DB /* PostViewModel.swift */ = {isa = PBXFileReference; lastKnownFileType = sourcecode.swift; path = PostViewModel.swift; sourceTree = "<group>"; };
		1D3B11A42AB8293B0058A5DB /* CommentController.swift */ = {isa = PBXFileReference; lastKnownFileType = sourcecode.swift; path = CommentController.swift; sourceTree = "<group>"; };
		1D3B11A62AB82C7E0058A5DB /* CommentCell.swift */ = {isa = PBXFileReference; lastKnownFileType = sourcecode.swift; path = CommentCell.swift; sourceTree = "<group>"; };
		1D3B11A82AB84FED0058A5DB /* CommentInputAccesoryView.swift */ = {isa = PBXFileReference; lastKnownFileType = sourcecode.swift; path = CommentInputAccesoryView.swift; sourceTree = "<group>"; };
		1D3B11AA2AB9D9E50058A5DB /* CommentService.swift */ = {isa = PBXFileReference; lastKnownFileType = sourcecode.swift; path = CommentService.swift; sourceTree = "<group>"; };
		1D3B11AC2AB9DE230058A5DB /* Comment.swift */ = {isa = PBXFileReference; lastKnownFileType = sourcecode.swift; path = Comment.swift; sourceTree = "<group>"; };
		1D3B11AE2AB9E2820058A5DB /* CommentViewModel.swift */ = {isa = PBXFileReference; lastKnownFileType = sourcecode.swift; path = CommentViewModel.swift; sourceTree = "<group>"; };
		1D3B11B02ABC66AE0058A5DB /* NotificationCell.swift */ = {isa = PBXFileReference; lastKnownFileType = sourcecode.swift; path = NotificationCell.swift; sourceTree = "<group>"; };
		1D3B11B22ABC731B0058A5DB /* Notification.swift */ = {isa = PBXFileReference; lastKnownFileType = sourcecode.swift; path = Notification.swift; sourceTree = "<group>"; };
		1D3B11B42ABC75660058A5DB /* NotificationService.swift */ = {isa = PBXFileReference; lastKnownFileType = sourcecode.swift; path = NotificationService.swift; sourceTree = "<group>"; };
		1D3B11B62ABD3B2B0058A5DB /* NotificationViewModel.swift */ = {isa = PBXFileReference; lastKnownFileType = sourcecode.swift; path = NotificationViewModel.swift; sourceTree = "<group>"; };
		1DBA3E4329E825D6003F012A /* InstagramClone.app */ = {isa = PBXFileReference; explicitFileType = wrapper.application; includeInIndex = 0; path = InstagramClone.app; sourceTree = BUILT_PRODUCTS_DIR; };
		1DBA3E4629E825D6003F012A /* AppDelegate.swift */ = {isa = PBXFileReference; lastKnownFileType = sourcecode.swift; path = AppDelegate.swift; sourceTree = "<group>"; };
		1DBA3E4829E825D6003F012A /* SceneDelegate.swift */ = {isa = PBXFileReference; lastKnownFileType = sourcecode.swift; path = SceneDelegate.swift; sourceTree = "<group>"; };
		1DBA3E4A29E825D6003F012A /* ViewController.swift */ = {isa = PBXFileReference; lastKnownFileType = sourcecode.swift; path = ViewController.swift; sourceTree = "<group>"; };
		1DBA3E4D29E825D6003F012A /* Base */ = {isa = PBXFileReference; lastKnownFileType = file.storyboard; name = Base; path = Base.lproj/Main.storyboard; sourceTree = "<group>"; };
		1DBA3E5029E825D6003F012A /* InstagramClone.xcdatamodel */ = {isa = PBXFileReference; lastKnownFileType = wrapper.xcdatamodel; path = InstagramClone.xcdatamodel; sourceTree = "<group>"; };
		1DBA3E5229E825DB003F012A /* Assets.xcassets */ = {isa = PBXFileReference; lastKnownFileType = folder.assetcatalog; path = Assets.xcassets; sourceTree = "<group>"; };
		1DBA3E5529E825DB003F012A /* Base */ = {isa = PBXFileReference; lastKnownFileType = file.storyboard; name = Base; path = Base.lproj/LaunchScreen.storyboard; sourceTree = "<group>"; };
		1DBA3E5729E825DB003F012A /* Info.plist */ = {isa = PBXFileReference; lastKnownFileType = text.plist.xml; path = Info.plist; sourceTree = "<group>"; };
		1DBA3E6429E83141003F012A /* MainTabController.swift */ = {isa = PBXFileReference; lastKnownFileType = sourcecode.swift; path = MainTabController.swift; sourceTree = "<group>"; };
		1DBA3E6629E832CE003F012A /* FeedController.swift */ = {isa = PBXFileReference; lastKnownFileType = sourcecode.swift; path = FeedController.swift; sourceTree = "<group>"; };
		1DBA3E6829E832E2003F012A /* SearchController.swift */ = {isa = PBXFileReference; lastKnownFileType = sourcecode.swift; path = SearchController.swift; sourceTree = "<group>"; };
		1DBA3E6A29E832FC003F012A /* ImageSelectorController.swift */ = {isa = PBXFileReference; lastKnownFileType = sourcecode.swift; path = ImageSelectorController.swift; sourceTree = "<group>"; };
		1DBA3E6C29E83311003F012A /* NotificationsController.swift */ = {isa = PBXFileReference; lastKnownFileType = sourcecode.swift; path = NotificationsController.swift; sourceTree = "<group>"; };
		1DBA3E6E29E83325003F012A /* ProfileController.swift */ = {isa = PBXFileReference; lastKnownFileType = sourcecode.swift; path = ProfileController.swift; sourceTree = "<group>"; };
		1DBA3E7029E8EC39003F012A /* FeedCell.swift */ = {isa = PBXFileReference; lastKnownFileType = sourcecode.swift; path = FeedCell.swift; sourceTree = "<group>"; };
		1DBA3E7229E8EE11003F012A /* Extensions.swift */ = {isa = PBXFileReference; lastKnownFileType = sourcecode.swift; path = Extensions.swift; sourceTree = "<group>"; };
		5CA8A5811B7FC74DC03CBDFB /* Pods-InstagramClone.release.xcconfig */ = {isa = PBXFileReference; includeInIndex = 1; lastKnownFileType = text.xcconfig; name = "Pods-InstagramClone.release.xcconfig"; path = "Target Support Files/Pods-InstagramClone/Pods-InstagramClone.release.xcconfig"; sourceTree = "<group>"; };
		9119BAF71415515665DFB7E3 /* Pods-InstagramClone.debug.xcconfig */ = {isa = PBXFileReference; includeInIndex = 1; lastKnownFileType = text.xcconfig; name = "Pods-InstagramClone.debug.xcconfig"; path = "Target Support Files/Pods-InstagramClone/Pods-InstagramClone.debug.xcconfig"; sourceTree = "<group>"; };
		EF56A8993440D08548278B02 /* Pods_InstagramClone.framework */ = {isa = PBXFileReference; explicitFileType = wrapper.framework; includeInIndex = 0; path = Pods_InstagramClone.framework; sourceTree = BUILT_PRODUCTS_DIR; };
/* End PBXFileReference section */

/* Begin PBXFrameworksBuildPhase section */
		1DBA3E4029E825D6003F012A /* Frameworks */ = {
			isa = PBXFrameworksBuildPhase;
			buildActionMask = 2147483647;
			files = (
				666E291D100CFF7908F1D773 /* Pods_InstagramClone.framework in Frameworks */,
			);
			runOnlyForDeploymentPostprocessing = 0;
		};
/* End PBXFrameworksBuildPhase section */

/* Begin PBXGroup section */
		1D3998DC29EC446F007BC059 /* Authentication */ = {
			isa = PBXGroup;
			children = (
				1D3998DD29EC452E007BC059 /* LoginController.swift */,
				1D3998DF29EC454C007BC059 /* RegistrationController.swift */,
			);
			path = Authentication;
			sourceTree = "<group>";
		};
		1D3B118D2AA9830C0058A5DB /* Profile */ = {
			isa = PBXGroup;
			children = (
				1D3B11892AA982EE0058A5DB /* ProfileCell.swift */,
				1D3B118B2AA983030058A5DB /* ProfileHeader.swift */,
			);
			path = Profile;
			sourceTree = "<group>";
		};
		1DBA3E3A29E825D6003F012A = {
			isa = PBXGroup;
			children = (
				1DBA3E4529E825D6003F012A /* InstagramClone */,
				1DBA3E4429E825D6003F012A /* Products */,
				C2D777B93B3AC1045CE33D6F /* Pods */,
				D82F64CD1BD15EFE6AE7808D /* Frameworks */,
			);
			sourceTree = "<group>";
		};
		1DBA3E4429E825D6003F012A /* Products */ = {
			isa = PBXGroup;
			children = (
				1DBA3E4329E825D6003F012A /* InstagramClone.app */,
			);
			name = Products;
			sourceTree = "<group>";
		};
		1DBA3E4529E825D6003F012A /* InstagramClone */ = {
			isa = PBXGroup;
			children = (
				1DBA3E6329E82F39003F012A /* Model */,
				1DBA3E6229E82F36003F012A /* View */,
				1DBA3E6129E82F33003F012A /* ViewModel */,
				1DBA3E6029E82F30003F012A /* Controllers */,
				1DBA3E5F29E82F2A003F012A /* API */,
				1DBA3E5D29E82EF9003F012A /* Utils */,
				1DBA3E4629E825D6003F012A /* AppDelegate.swift */,
				1DBA3E4829E825D6003F012A /* SceneDelegate.swift */,
				1DBA3E4A29E825D6003F012A /* ViewController.swift */,
				1DBA3E4C29E825D6003F012A /* Main.storyboard */,
				1DBA3E5229E825DB003F012A /* Assets.xcassets */,
				1DBA3E5429E825DB003F012A /* LaunchScreen.storyboard */,
				1DBA3E5729E825DB003F012A /* Info.plist */,
				1D3B11872AA84D900058A5DB /* GoogleService-Info.plist */,
				1DBA3E4F29E825D6003F012A /* InstagramClone.xcdatamodeld */,
			);
			path = InstagramClone;
			sourceTree = "<group>";
		};
		1DBA3E5D29E82EF9003F012A /* Utils */ = {
			isa = PBXGroup;
			children = (
				1DBA3E7229E8EE11003F012A /* Extensions.swift */,
				1D3B11902AA9F4C70058A5DB /* Constants.swift */,
				1D3B119C2AB2C2030058A5DB /* InputTextView.swift */,
			);
			path = Utils;
			sourceTree = "<group>";
		};
		1DBA3E5F29E82F2A003F012A /* API */ = {
			isa = PBXGroup;
			children = (
				1D3998E729EF62C1007BC059 /* ImageUploader.swift */,
				1D3998E929EF62D4007BC059 /* AuthService.swift */,
				1D3B118E2AA9F48B0058A5DB /* UserService.swift */,
				1D3B119E2AB2F1860058A5DB /* PostService.swift */,
				1D3B11AA2AB9D9E50058A5DB /* CommentService.swift */,
				1D3B11B42ABC75660058A5DB /* NotificationService.swift */,
			);
			path = API;
			sourceTree = "<group>";
		};
		1DBA3E6029E82F30003F012A /* Controllers */ = {
			isa = PBXGroup;
			children = (
				1D3998DC29EC446F007BC059 /* Authentication */,
				1DBA3E6429E83141003F012A /* MainTabController.swift */,
				1DBA3E6629E832CE003F012A /* FeedController.swift */,
				1DBA3E6829E832E2003F012A /* SearchController.swift */,
				1DBA3E6A29E832FC003F012A /* ImageSelectorController.swift */,
				1DBA3E6C29E83311003F012A /* NotificationsController.swift */,
				1DBA3E6E29E83325003F012A /* ProfileController.swift */,
				1D3B119A2AB2BEBE0058A5DB /* UploadPostController.swift */,
				1D3B11A42AB8293B0058A5DB /* CommentController.swift */,
			);
			path = Controllers;
			sourceTree = "<group>";
		};
		1DBA3E6129E82F33003F012A /* ViewModel */ = {
			isa = PBXGroup;
			children = (
				1D3998E329ED9013007BC059 /* AuthenticationViewModel.swift */,
				1D3B11942AAAA0CD0058A5DB /* ProfileHeaderViewModel.swift */,
				1D3B11982AB15F430058A5DB /* UserCellViewModel.swift */,
				1D3B11A22AB34E7A0058A5DB /* PostViewModel.swift */,
				1D3B11AE2AB9E2820058A5DB /* CommentViewModel.swift */,
				1D3B11B62ABD3B2B0058A5DB /* NotificationViewModel.swift */,
			);
			path = ViewModel;
			sourceTree = "<group>";
		};
		1DBA3E6229E82F36003F012A /* View */ = {
			isa = PBXGroup;
			children = (
				1D3B118D2AA9830C0058A5DB /* Profile */,
				1DBA3E7029E8EC39003F012A /* FeedCell.swift */,
				1D3998E129ECE53E007BC059 /* CustomTextField.swift */,
				1D3B11962AAEC1620058A5DB /* UserCell.swift */,
				1D3B11A62AB82C7E0058A5DB /* CommentCell.swift */,
				1D3B11A82AB84FED0058A5DB /* CommentInputAccesoryView.swift */,
				1D3B11B02ABC66AE0058A5DB /* NotificationCell.swift */,
			);
			path = View;
			sourceTree = "<group>";
		};
		1DBA3E6329E82F39003F012A /* Model */ = {
			isa = PBXGroup;
			children = (
				1D3B11922AA9F9490058A5DB /* User.swift */,
				1D3B11A02AB349FD0058A5DB /* Post.swift */,
				1D3B11AC2AB9DE230058A5DB /* Comment.swift */,
				1D3B11B22ABC731B0058A5DB /* Notification.swift */,
			);
			path = Model;
			sourceTree = "<group>";
		};
		C2D777B93B3AC1045CE33D6F /* Pods */ = {
			isa = PBXGroup;
			children = (
				9119BAF71415515665DFB7E3 /* Pods-InstagramClone.debug.xcconfig */,
				5CA8A5811B7FC74DC03CBDFB /* Pods-InstagramClone.release.xcconfig */,
			);
			path = Pods;
			sourceTree = "<group>";
		};
		D82F64CD1BD15EFE6AE7808D /* Frameworks */ = {
			isa = PBXGroup;
			children = (
				EF56A8993440D08548278B02 /* Pods_InstagramClone.framework */,
			);
			name = Frameworks;
			sourceTree = "<group>";
		};
/* End PBXGroup section */

/* Begin PBXNativeTarget section */
		1DBA3E4229E825D6003F012A /* InstagramClone */ = {
			isa = PBXNativeTarget;
			buildConfigurationList = 1DBA3E5A29E825DB003F012A /* Build configuration list for PBXNativeTarget "InstagramClone" */;
			buildPhases = (
				AD50BBDC5E64F50DC17B8DE9 /* [CP] Check Pods Manifest.lock */,
				1DBA3E3F29E825D6003F012A /* Sources */,
				1DBA3E4029E825D6003F012A /* Frameworks */,
				1DBA3E4129E825D6003F012A /* Resources */,
				9B6AA0A564A24E094B606B4C /* [CP] Embed Pods Frameworks */,
			);
			buildRules = (
			);
			dependencies = (
			);
			name = InstagramClone;
			packageProductDependencies = (
			);
			productName = InstagramClone;
			productReference = 1DBA3E4329E825D6003F012A /* InstagramClone.app */;
			productType = "com.apple.product-type.application";
		};
/* End PBXNativeTarget section */

/* Begin PBXProject section */
		1DBA3E3B29E825D6003F012A /* Project object */ = {
			isa = PBXProject;
			attributes = {
				BuildIndependentTargetsInParallel = 1;
				LastSwiftUpdateCheck = 1420;
				LastUpgradeCheck = 1420;
				TargetAttributes = {
					1DBA3E4229E825D6003F012A = {
						CreatedOnToolsVersion = 14.2;
					};
				};
			};
			buildConfigurationList = 1DBA3E3E29E825D6003F012A /* Build configuration list for PBXProject "InstagramClone" */;
			compatibilityVersion = "Xcode 14.0";
			developmentRegion = en;
			hasScannedForEncodings = 0;
			knownRegions = (
				en,
				Base,
			);
			mainGroup = 1DBA3E3A29E825D6003F012A;
			packageReferences = (
				1DBA3E7429E8F91C003F012A /* XCRemoteSwiftPackageReference "swift-algorithms" */,
			);
			productRefGroup = 1DBA3E4429E825D6003F012A /* Products */;
			projectDirPath = "";
			projectRoot = "";
			targets = (
				1DBA3E4229E825D6003F012A /* InstagramClone */,
			);
		};
/* End PBXProject section */

/* Begin PBXResourcesBuildPhase section */
		1DBA3E4129E825D6003F012A /* Resources */ = {
			isa = PBXResourcesBuildPhase;
			buildActionMask = 2147483647;
			files = (
				1DBA3E5629E825DB003F012A /* LaunchScreen.storyboard in Resources */,
				1D3B11882AA84D900058A5DB /* GoogleService-Info.plist in Resources */,
				1DBA3E5329E825DB003F012A /* Assets.xcassets in Resources */,
				1DBA3E4E29E825D6003F012A /* Main.storyboard in Resources */,
			);
			runOnlyForDeploymentPostprocessing = 0;
		};
/* End PBXResourcesBuildPhase section */

/* Begin PBXShellScriptBuildPhase section */
		9B6AA0A564A24E094B606B4C /* [CP] Embed Pods Frameworks */ = {
			isa = PBXShellScriptBuildPhase;
			buildActionMask = 2147483647;
			files = (
			);
			inputFileListPaths = (
				"${PODS_ROOT}/Target Support Files/Pods-InstagramClone/Pods-InstagramClone-frameworks-${CONFIGURATION}-input-files.xcfilelist",
			);
			name = "[CP] Embed Pods Frameworks";
			outputFileListPaths = (
				"${PODS_ROOT}/Target Support Files/Pods-InstagramClone/Pods-InstagramClone-frameworks-${CONFIGURATION}-output-files.xcfilelist",
			);
			runOnlyForDeploymentPostprocessing = 0;
			shellPath = /bin/sh;
			shellScript = "\"${PODS_ROOT}/Target Support Files/Pods-InstagramClone/Pods-InstagramClone-frameworks.sh\"\n";
			showEnvVarsInLog = 0;
		};
		AD50BBDC5E64F50DC17B8DE9 /* [CP] Check Pods Manifest.lock */ = {
			isa = PBXShellScriptBuildPhase;
			buildActionMask = 2147483647;
			files = (
			);
			inputFileListPaths = (
			);
			inputPaths = (
				"${PODS_PODFILE_DIR_PATH}/Podfile.lock",
				"${PODS_ROOT}/Manifest.lock",
			);
			name = "[CP] Check Pods Manifest.lock";
			outputFileListPaths = (
			);
			outputPaths = (
				"$(DERIVED_FILE_DIR)/Pods-InstagramClone-checkManifestLockResult.txt",
			);
			runOnlyForDeploymentPostprocessing = 0;
			shellPath = /bin/sh;
			shellScript = "diff \"${PODS_PODFILE_DIR_PATH}/Podfile.lock\" \"${PODS_ROOT}/Manifest.lock\" > /dev/null\nif [ $? != 0 ] ; then\n    # print error to STDERR\n    echo \"error: The sandbox is not in sync with the Podfile.lock. Run 'pod install' or update your CocoaPods installation.\" >&2\n    exit 1\nfi\n# This output is used by Xcode 'outputs' to avoid re-running this script phase.\necho \"SUCCESS\" > \"${SCRIPT_OUTPUT_FILE_0}\"\n";
			showEnvVarsInLog = 0;
		};
/* End PBXShellScriptBuildPhase section */

/* Begin PBXSourcesBuildPhase section */
		1DBA3E3F29E825D6003F012A /* Sources */ = {
			isa = PBXSourcesBuildPhase;
			buildActionMask = 2147483647;
			files = (
				1D3B11A32AB34E7A0058A5DB /* PostViewModel.swift in Sources */,
				1D3998E029EC454C007BC059 /* RegistrationController.swift in Sources */,
				1D3B11912AA9F4C70058A5DB /* Constants.swift in Sources */,
				1DBA3E6B29E832FC003F012A /* ImageSelectorController.swift in Sources */,
				1D3998E829EF62C1007BC059 /* ImageUploader.swift in Sources */,
				1D3998EA29EF62D4007BC059 /* AuthService.swift in Sources */,
				1D3B11952AAAA0CD0058A5DB /* ProfileHeaderViewModel.swift in Sources */,
				1D3B11AD2AB9DE230058A5DB /* Comment.swift in Sources */,
				1D3B11B72ABD3B2B0058A5DB /* NotificationViewModel.swift in Sources */,
				1DBA3E4B29E825D6003F012A /* ViewController.swift in Sources */,
				1D3B119B2AB2BEBE0058A5DB /* UploadPostController.swift in Sources */,
				1D3B11A52AB8293B0058A5DB /* CommentController.swift in Sources */,
				1DBA3E6729E832CE003F012A /* FeedController.swift in Sources */,
				1D3B11A12AB349FD0058A5DB /* Post.swift in Sources */,
				1D3998E429ED9013007BC059 /* AuthenticationViewModel.swift in Sources */,
				1D3B11AB2AB9D9E50058A5DB /* CommentService.swift in Sources */,
				1D3998DE29EC452E007BC059 /* LoginController.swift in Sources */,
				1D3B11A72AB82C7E0058A5DB /* CommentCell.swift in Sources */,
				1D3B11B12ABC66AE0058A5DB /* NotificationCell.swift in Sources */,
				1D3B118C2AA983030058A5DB /* ProfileHeader.swift in Sources */,
				1D3B11A92AB84FED0058A5DB /* CommentInputAccesoryView.swift in Sources */,
				1D3B11B32ABC731B0058A5DB /* Notification.swift in Sources */,
				1DBA3E4729E825D6003F012A /* AppDelegate.swift in Sources */,
				1DBA3E7129E8EC39003F012A /* FeedCell.swift in Sources */,
				1D3B119D2AB2C2030058A5DB /* InputTextView.swift in Sources */,
				1D3B11972AAEC1620058A5DB /* UserCell.swift in Sources */,
				1DBA3E6929E832E2003F012A /* SearchController.swift in Sources */,
				1D3B11AF2AB9E2820058A5DB /* CommentViewModel.swift in Sources */,
				1D3B11992AB15F440058A5DB /* UserCellViewModel.swift in Sources */,
				1D3B11B52ABC75660058A5DB /* NotificationService.swift in Sources */,
				1DBA3E6F29E83325003F012A /* ProfileController.swift in Sources */,
				1DBA3E7329E8EE11003F012A /* Extensions.swift in Sources */,
				1D3B119F2AB2F1860058A5DB /* PostService.swift in Sources */,
				1D3B118F2AA9F48B0058A5DB /* UserService.swift in Sources */,
				1DBA3E6529E83141003F012A /* MainTabController.swift in Sources */,
				1DBA3E6D29E83311003F012A /* NotificationsController.swift in Sources */,
				1D3B118A2AA982EE0058A5DB /* ProfileCell.swift in Sources */,
				1DBA3E5129E825D6003F012A /* InstagramClone.xcdatamodeld in Sources */,
				1DBA3E4929E825D6003F012A /* SceneDelegate.swift in Sources */,
				1D3998E229ECE53E007BC059 /* CustomTextField.swift in Sources */,
				1D3B11932AA9F9490058A5DB /* User.swift in Sources */,
			);
			runOnlyForDeploymentPostprocessing = 0;
		};
/* End PBXSourcesBuildPhase section */

/* Begin PBXVariantGroup section */
		1DBA3E4C29E825D6003F012A /* Main.storyboard */ = {
			isa = PBXVariantGroup;
			children = (
				1DBA3E4D29E825D6003F012A /* Base */,
			);
			name = Main.storyboard;
			sourceTree = "<group>";
		};
		1DBA3E5429E825DB003F012A /* LaunchScreen.storyboard */ = {
			isa = PBXVariantGroup;
			children = (
				1DBA3E5529E825DB003F012A /* Base */,
			);
			name = LaunchScreen.storyboard;
			sourceTree = "<group>";
		};
/* End PBXVariantGroup section */

/* Begin XCBuildConfiguration section */
		1DBA3E5829E825DB003F012A /* Debug */ = {
			isa = XCBuildConfiguration;
			buildSettings = {
				ALWAYS_SEARCH_USER_PATHS = NO;
				CLANG_ANALYZER_NONNULL = YES;
				CLANG_ANALYZER_NUMBER_OBJECT_CONVERSION = YES_AGGRESSIVE;
				CLANG_CXX_LANGUAGE_STANDARD = "gnu++20";
				CLANG_ENABLE_MODULES = YES;
				CLANG_ENABLE_OBJC_ARC = YES;
				CLANG_ENABLE_OBJC_WEAK = YES;
				CLANG_WARN_BLOCK_CAPTURE_AUTORELEASING = YES;
				CLANG_WARN_BOOL_CONVERSION = YES;
				CLANG_WARN_COMMA = YES;
				CLANG_WARN_CONSTANT_CONVERSION = YES;
				CLANG_WARN_DEPRECATED_OBJC_IMPLEMENTATIONS = YES;
				CLANG_WARN_DIRECT_OBJC_ISA_USAGE = YES_ERROR;
				CLANG_WARN_DOCUMENTATION_COMMENTS = YES;
				CLANG_WARN_EMPTY_BODY = YES;
				CLANG_WARN_ENUM_CONVERSION = YES;
				CLANG_WARN_INFINITE_RECURSION = YES;
				CLANG_WARN_INT_CONVERSION = YES;
				CLANG_WARN_NON_LITERAL_NULL_CONVERSION = YES;
				CLANG_WARN_OBJC_IMPLICIT_RETAIN_SELF = YES;
				CLANG_WARN_OBJC_LITERAL_CONVERSION = YES;
				CLANG_WARN_OBJC_ROOT_CLASS = YES_ERROR;
				CLANG_WARN_QUOTED_INCLUDE_IN_FRAMEWORK_HEADER = YES;
				CLANG_WARN_RANGE_LOOP_ANALYSIS = YES;
				CLANG_WARN_STRICT_PROTOTYPES = YES;
				CLANG_WARN_SUSPICIOUS_MOVE = YES;
				CLANG_WARN_UNGUARDED_AVAILABILITY = YES_AGGRESSIVE;
				CLANG_WARN_UNREACHABLE_CODE = YES;
				CLANG_WARN__DUPLICATE_METHOD_MATCH = YES;
				COPY_PHASE_STRIP = NO;
				DEBUG_INFORMATION_FORMAT = dwarf;
				ENABLE_STRICT_OBJC_MSGSEND = YES;
				ENABLE_TESTABILITY = YES;
				GCC_C_LANGUAGE_STANDARD = gnu11;
				GCC_DYNAMIC_NO_PIC = NO;
				GCC_NO_COMMON_BLOCKS = YES;
				GCC_OPTIMIZATION_LEVEL = 0;
				GCC_PREPROCESSOR_DEFINITIONS = (
					"DEBUG=1",
					"$(inherited)",
				);
				GCC_WARN_64_TO_32_BIT_CONVERSION = YES;
				GCC_WARN_ABOUT_RETURN_TYPE = YES_ERROR;
				GCC_WARN_UNDECLARED_SELECTOR = YES;
				GCC_WARN_UNINITIALIZED_AUTOS = YES_AGGRESSIVE;
				GCC_WARN_UNUSED_FUNCTION = YES;
				GCC_WARN_UNUSED_VARIABLE = YES;
				IPHONEOS_DEPLOYMENT_TARGET = 16.2;
				MTL_ENABLE_DEBUG_INFO = INCLUDE_SOURCE;
				MTL_FAST_MATH = YES;
				ONLY_ACTIVE_ARCH = YES;
				SDKROOT = iphoneos;
				SWIFT_ACTIVE_COMPILATION_CONDITIONS = DEBUG;
				SWIFT_OPTIMIZATION_LEVEL = "-Onone";
			};
			name = Debug;
		};
		1DBA3E5929E825DB003F012A /* Release */ = {
			isa = XCBuildConfiguration;
			buildSettings = {
				ALWAYS_SEARCH_USER_PATHS = NO;
				CLANG_ANALYZER_NONNULL = YES;
				CLANG_ANALYZER_NUMBER_OBJECT_CONVERSION = YES_AGGRESSIVE;
				CLANG_CXX_LANGUAGE_STANDARD = "gnu++20";
				CLANG_ENABLE_MODULES = YES;
				CLANG_ENABLE_OBJC_ARC = YES;
				CLANG_ENABLE_OBJC_WEAK = YES;
				CLANG_WARN_BLOCK_CAPTURE_AUTORELEASING = YES;
				CLANG_WARN_BOOL_CONVERSION = YES;
				CLANG_WARN_COMMA = YES;
				CLANG_WARN_CONSTANT_CONVERSION = YES;
				CLANG_WARN_DEPRECATED_OBJC_IMPLEMENTATIONS = YES;
				CLANG_WARN_DIRECT_OBJC_ISA_USAGE = YES_ERROR;
				CLANG_WARN_DOCUMENTATION_COMMENTS = YES;
				CLANG_WARN_EMPTY_BODY = YES;
				CLANG_WARN_ENUM_CONVERSION = YES;
				CLANG_WARN_INFINITE_RECURSION = YES;
				CLANG_WARN_INT_CONVERSION = YES;
				CLANG_WARN_NON_LITERAL_NULL_CONVERSION = YES;
				CLANG_WARN_OBJC_IMPLICIT_RETAIN_SELF = YES;
				CLANG_WARN_OBJC_LITERAL_CONVERSION = YES;
				CLANG_WARN_OBJC_ROOT_CLASS = YES_ERROR;
				CLANG_WARN_QUOTED_INCLUDE_IN_FRAMEWORK_HEADER = YES;
				CLANG_WARN_RANGE_LOOP_ANALYSIS = YES;
				CLANG_WARN_STRICT_PROTOTYPES = YES;
				CLANG_WARN_SUSPICIOUS_MOVE = YES;
				CLANG_WARN_UNGUARDED_AVAILABILITY = YES_AGGRESSIVE;
				CLANG_WARN_UNREACHABLE_CODE = YES;
				CLANG_WARN__DUPLICATE_METHOD_MATCH = YES;
				COPY_PHASE_STRIP = NO;
				DEBUG_INFORMATION_FORMAT = "dwarf-with-dsym";
				ENABLE_NS_ASSERTIONS = NO;
				ENABLE_STRICT_OBJC_MSGSEND = YES;
				GCC_C_LANGUAGE_STANDARD = gnu11;
				GCC_NO_COMMON_BLOCKS = YES;
				GCC_WARN_64_TO_32_BIT_CONVERSION = YES;
				GCC_WARN_ABOUT_RETURN_TYPE = YES_ERROR;
				GCC_WARN_UNDECLARED_SELECTOR = YES;
				GCC_WARN_UNINITIALIZED_AUTOS = YES_AGGRESSIVE;
				GCC_WARN_UNUSED_FUNCTION = YES;
				GCC_WARN_UNUSED_VARIABLE = YES;
				IPHONEOS_DEPLOYMENT_TARGET = 16.2;
				MTL_ENABLE_DEBUG_INFO = NO;
				MTL_FAST_MATH = YES;
				SDKROOT = iphoneos;
				SWIFT_COMPILATION_MODE = wholemodule;
				SWIFT_OPTIMIZATION_LEVEL = "-O";
				VALIDATE_PRODUCT = YES;
			};
			name = Release;
		};
		1DBA3E5B29E825DB003F012A /* Debug */ = {
			isa = XCBuildConfiguration;
			baseConfigurationReference = 9119BAF71415515665DFB7E3 /* Pods-InstagramClone.debug.xcconfig */;
			buildSettings = {
				ASSETCATALOG_COMPILER_APPICON_NAME = AppIcon;
				ASSETCATALOG_COMPILER_GLOBAL_ACCENT_COLOR_NAME = AccentColor;
				CODE_SIGN_STYLE = Automatic;
				CURRENT_PROJECT_VERSION = 1;
				GENERATE_INFOPLIST_FILE = YES;
				INFOPLIST_FILE = InstagramClone/Info.plist;
				INFOPLIST_KEY_UIApplicationSupportsIndirectInputEvents = YES;
				INFOPLIST_KEY_UILaunchStoryboardName = LaunchScreen;
				INFOPLIST_KEY_UIMainStoryboardFile = Main;
				INFOPLIST_KEY_UISupportedInterfaceOrientations_iPad = "UIInterfaceOrientationPortrait UIInterfaceOrientationPortraitUpsideDown UIInterfaceOrientationLandscapeLeft UIInterfaceOrientationLandscapeRight";
				INFOPLIST_KEY_UISupportedInterfaceOrientations_iPhone = "UIInterfaceOrientationPortrait UIInterfaceOrientationLandscapeLeft UIInterfaceOrientationLandscapeRight";
				LD_RUNPATH_SEARCH_PATHS = (
					"$(inherited)",
					"@executable_path/Frameworks",
				);
				MARKETING_VERSION = 1.0;
				PRODUCT_BUNDLE_IDENTIFIER = com.Jhong.InstagramClone;
				PRODUCT_NAME = "$(TARGET_NAME)";
				SWIFT_EMIT_LOC_STRINGS = YES;
				SWIFT_VERSION = 5.0;
				TARGETED_DEVICE_FAMILY = "1,2";
			};
			name = Debug;
		};
		1DBA3E5C29E825DB003F012A /* Release */ = {
			isa = XCBuildConfiguration;
			baseConfigurationReference = 5CA8A5811B7FC74DC03CBDFB /* Pods-InstagramClone.release.xcconfig */;
			buildSettings = {
				ASSETCATALOG_COMPILER_APPICON_NAME = AppIcon;
				ASSETCATALOG_COMPILER_GLOBAL_ACCENT_COLOR_NAME = AccentColor;
				CODE_SIGN_STYLE = Automatic;
				CURRENT_PROJECT_VERSION = 1;
				GENERATE_INFOPLIST_FILE = YES;
				INFOPLIST_FILE = InstagramClone/Info.plist;
				INFOPLIST_KEY_UIApplicationSupportsIndirectInputEvents = YES;
				INFOPLIST_KEY_UILaunchStoryboardName = LaunchScreen;
				INFOPLIST_KEY_UIMainStoryboardFile = Main;
				INFOPLIST_KEY_UISupportedInterfaceOrientations_iPad = "UIInterfaceOrientationPortrait UIInterfaceOrientationPortraitUpsideDown UIInterfaceOrientationLandscapeLeft UIInterfaceOrientationLandscapeRight";
				INFOPLIST_KEY_UISupportedInterfaceOrientations_iPhone = "UIInterfaceOrientationPortrait UIInterfaceOrientationLandscapeLeft UIInterfaceOrientationLandscapeRight";
				LD_RUNPATH_SEARCH_PATHS = (
					"$(inherited)",
					"@executable_path/Frameworks",
				);
				MARKETING_VERSION = 1.0;
				PRODUCT_BUNDLE_IDENTIFIER = com.Jhong.InstagramClone;
				PRODUCT_NAME = "$(TARGET_NAME)";
				SWIFT_EMIT_LOC_STRINGS = YES;
				SWIFT_VERSION = 5.0;
				TARGETED_DEVICE_FAMILY = "1,2";
			};
			name = Release;
		};
/* End XCBuildConfiguration section */

/* Begin XCConfigurationList section */
		1DBA3E3E29E825D6003F012A /* Build configuration list for PBXProject "InstagramClone" */ = {
			isa = XCConfigurationList;
			buildConfigurations = (
				1DBA3E5829E825DB003F012A /* Debug */,
				1DBA3E5929E825DB003F012A /* Release */,
			);
			defaultConfigurationIsVisible = 0;
			defaultConfigurationName = Release;
		};
		1DBA3E5A29E825DB003F012A /* Build configuration list for PBXNativeTarget "InstagramClone" */ = {
			isa = XCConfigurationList;
			buildConfigurations = (
				1DBA3E5B29E825DB003F012A /* Debug */,
				1DBA3E5C29E825DB003F012A /* Release */,
			);
			defaultConfigurationIsVisible = 0;
			defaultConfigurationName = Release;
		};
/* End XCConfigurationList section */

/* Begin XCRemoteSwiftPackageReference section */
		1DBA3E7429E8F91C003F012A /* XCRemoteSwiftPackageReference "swift-algorithms" */ = {
			isa = XCRemoteSwiftPackageReference;
			repositoryURL = "https://github.com/apple/swift-algorithms.git";
			requirement = {
				kind = upToNextMajorVersion;
				minimumVersion = 1.0.0;
			};
		};
/* End XCRemoteSwiftPackageReference section */

/* Begin XCVersionGroup section */
		1DBA3E4F29E825D6003F012A /* InstagramClone.xcdatamodeld */ = {
			isa = XCVersionGroup;
			children = (
				1DBA3E5029E825D6003F012A /* InstagramClone.xcdatamodel */,
			);
			currentVersion = 1DBA3E5029E825D6003F012A /* InstagramClone.xcdatamodel */;
			path = InstagramClone.xcdatamodeld;
			sourceTree = "<group>";
			versionGroupType = wrapper.xcdatamodel;
		};
/* End XCVersionGroup section */
	};
	rootObject = 1DBA3E3B29E825D6003F012A /* Project object */;
}
